
Microsoft Visual Studio Solution File, Format Version 12.00
# Visual Studio Version 16
VisualStudioVersion = 16.0.31729.503
MinimumVisualStudioVersion = 10.0.40219.1
Project("{FAE04EC0-301F-11D3-BF4B-00C04F79EFBC}") = "PokerHandSorter", "PokerHandSorter.csproj", "{72B0ABD9-AA54-4376-A65C-BED15BF1ED8B}"
EndProject
Global
	GlobalSection(SolutionConfigurationPlatforms) = preSolution
		Debug|Any CPU = Debug|Any CPU
		Release|Any CPU = Release|Any CPU
	EndGlobalSection
	GlobalSection(ProjectConfigurationPlatforms) = postSolution
		{72B0ABD9-AA54-4376-A65C-BED15BF1ED8B}.Debug|Any CPU.ActiveCfg = Debug|Any CPU
		{72B0ABD9-AA54-4376-A65C-BED15BF1ED8B}.Debug|Any CPU.Build.0 = Debug|Any CPU
		{72B0ABD9-AA54-4376-A65C-BED15BF1ED8B}.Release|Any CPU.ActiveCfg = Release|Any CPU
		{72B0ABD9-AA54-4376-A65C-BED15BF1ED8B}.Release|Any CPU.Build.0 = Release|Any CPU
	EndGlobalSection
	GlobalSection(SolutionProperties) = preSolution
		HideSolutionNode = FALSE
	EndGlobalSection
	GlobalSection(ExtensibilityGlobals) = postSolution
		SolutionGuid = {17AC425F-9B08-4C6C-B901-B96BBEBE59BD}
	EndGlobalSection
EndGlobal
